{
  "nodes": {
    "darwin": {
      "inputs": {
        "nixpkgs": [
          "nixpkgs"
        ]
      },
      "locked": {
        "lastModified": 1720845312,
        "narHash": "sha256-yPhAsJTpyoIPQZJGC8Fw8W2lAXyhLoTn+HP20bmfkfk=",
        "owner": "lnl7",
        "repo": "nix-darwin",
        "rev": "5ce8503cf402cf76b203eba4b7e402bea8e44abc",
        "type": "github"
      },
      "original": {
        "owner": "lnl7",
        "repo": "nix-darwin",
        "type": "github"
      }
    },
    "home-manager": {
      "inputs": {
        "nixpkgs": [
          "nixpkgs-unstable"
        ]
      },
      "locked": {
        "lastModified": 1720042825,
        "narHash": "sha256-A0vrUB6x82/jvf17qPCpxaM+ulJnD8YZwH9Ci0BsAzE=",
        "owner": "nix-community",
        "repo": "home-manager",
        "rev": "e1391fb22e18a36f57e6999c7a9f966dc80ac073",
        "type": "github"
      },
      "original": {
        "owner": "nix-community",
        "ref": "release-24.05",
        "repo": "home-manager",
        "type": "github"
      }
    },
    "mkAlias": {
      "inputs": {
        "nixpkgs": [
          "nixpkgs"
        ]
      },
      "locked": {
        "lastModified": 1678761502,
        "narHash": "sha256-tL3C/b2BPOGQpV287wECDCDWmKwwPvezAAN3qz7N07M=",
        "owner": "reckenrode",
        "repo": "mkAlias",
        "rev": "8a5478cdb646f137ebc53cb9d235f8e5892ea00a",
        "type": "github"
      },
      "original": {
        "owner": "reckenrode",
        "repo": "mkAlias",
        "type": "github"
      }
    },
    "nixpkgs": {
      "locked": {
        "lastModified": 1720970785,
        "narHash": "sha256-gRyLiF5ae1822DFjfOp+6+c/sexYz0BmsNGpxYnDUWM=",
        "owner": "nixos",
        "repo": "nixpkgs",
        "rev": "fa4dd14e99394b6888a3913af42a04a9110e3bcc",
        "type": "github"
      },
      "original": {
        "owner": "nixos",
        "ref": "nixpkgs-24.05-darwin",
        "repo": "nixpkgs",
        "type": "github"
      }
    },
    "nixpkgs-unstable": {
      "locked": {
        "lastModified": 1720955038,
        "narHash": "sha256-GaliJqfFwyYxReFywxAa8orCO+EnDq2NK2F+5aSc8vo=",
        "owner": "NixOS",
        "repo": "nixpkgs",
        "rev": "aa247c0c90ecf4ae7a032c54fdc21b91ca274062",
        "type": "github"
      },
      "original": {
        "owner": "NixOS",
        "ref": "nixpkgs-unstable",
        "repo": "nixpkgs",
        "type": "github"
      }
    },
    "root": {
      "inputs": {
        "darwin": "darwin",
        "home-manager": "home-manager",
        "mkAlias": "mkAlias",
        "nixpkgs": "nixpkgs",
        "nixpkgs-unstable": "nixpkgs-unstable"
      }
    }
  },
  "root": "root",
  "version": 7
}
